
Microsoft Visual Studio Solution File, Format Version 12.00
# Visual Studio Version 17
VisualStudioVersion = 17.11.35303.130
MinimumVisualStudioVersion = 10.0.40219.1
Project("{8BC9CEB8-8B4A-11D0-8D11-00A0C91BC942}") = "ArticleEditor", "ArticleEditor\ArticleEditor.vcxproj", "{9F9EECA3-9D7D-4F83-9A0E-32CD399DC0C0}"
EndProject
Global
	GlobalSection(SolutionConfigurationPlatforms) = preSolution
		Debug|x64 = Debug|x64
		Debug|x86 = Debug|x86
		Release|x64 = Release|x64
		Release|x86 = Release|x86
	EndGlobalSection
	GlobalSection(ProjectConfigurationPlatforms) = postSolution
		{9F9EECA3-9D7D-4F83-9A0E-32CD399DC0C0}.Debug|x64.ActiveCfg = Debug|x64
		{9F9EECA3-9D7D-4F83-9A0E-32CD399DC0C0}.Debug|x64.Build.0 = Debug|x64
		{9F9EECA3-9D7D-4F83-9A0E-32CD399DC0C0}.Debug|x86.ActiveCfg = Debug|Win32
		{9F9EECA3-9D7D-4F83-9A0E-32CD399DC0C0}.Debug|x86.Build.0 = Debug|Win32
		{9F9EECA3-9D7D-4F83-9A0E-32CD399DC0C0}.Release|x64.ActiveCfg = Release|x64
		{9F9EECA3-9D7D-4F83-9A0E-32CD399DC0C0}.Release|x64.Build.0 = Release|x64
		{9F9EECA3-9D7D-4F83-9A0E-32CD399DC0C0}.Release|x86.ActiveCfg = Release|Win32
		{9F9EECA3-9D7D-4F83-9A0E-32CD399DC0C0}.Release|x86.Build.0 = Release|Win32
	EndGlobalSection
	GlobalSection(SolutionProperties) = preSolution
		HideSolutionNode = FALSE
	EndGlobalSection
	GlobalSection(ExtensibilityGlobals) = postSolution
		SolutionGuid = {9C85B984-9B80-421D-8D3C-C0817EA1271A}
	EndGlobalSection
EndGlobal
